
Microsoft Visual Studio Solution File, Format Version 12.00
# Visual Studio 14
VisualStudioVersion = 14.0.25420.1
MinimumVisualStudioVersion = 10.0.40219.1
Project("{FAE04EC0-301F-11D3-BF4B-00C04F79EFBC}") = "FileEngine.Client", "FileEngine.Client\FileEngine.Client.csproj", "{D7B48F9E-33F2-42F4-ADCA-7D4FB18608B0}"
	ProjectSection(ProjectDependencies) = postProject
		{B28B7D35-DD90-410C-A3E3-586D18C1D647} = {B28B7D35-DD90-410C-A3E3-586D18C1D647}
		{EBCA4DFD-C5E5-454F-A6D0-E32977C9BB69} = {EBCA4DFD-C5E5-454F-A6D0-E32977C9BB69}
	EndProjectSection
EndProject
Project("{FAE04EC0-301F-11D3-BF4B-00C04F79EFBC}") = "FileEngine.DataAccess", "FileEngine.DataAccess\FileEngine.DataAccess.csproj", "{BA528E01-5979-488C-AAE8-8B8D15D60095}"
	ProjectSection(ProjectDependencies) = postProject
		{B28B7D35-DD90-410C-A3E3-586D18C1D647} = {B28B7D35-DD90-410C-A3E3-586D18C1D647}
	EndProjectSection
EndProject
Project("{FAE04EC0-301F-11D3-BF4B-00C04F79EFBC}") = "FileEngine.DataTypes", "FileEngine.DataTypes\FileEngine.DataTypes.csproj", "{B28B7D35-DD90-410C-A3E3-586D18C1D647}"
EndProject
Project("{FAE04EC0-301F-11D3-BF4B-00C04F79EFBC}") = "FileEngine.Server", "FileEngine.Server\FileEngine.Server.csproj", "{470385B9-1A49-4646-A36C-C387C22D5169}"
	ProjectSection(ProjectDependencies) = postProject
		{BA528E01-5979-488C-AAE8-8B8D15D60095} = {BA528E01-5979-488C-AAE8-8B8D15D60095}
		{B28B7D35-DD90-410C-A3E3-586D18C1D647} = {B28B7D35-DD90-410C-A3E3-586D18C1D647}
		{EBCA4DFD-C5E5-454F-A6D0-E32977C9BB69} = {EBCA4DFD-C5E5-454F-A6D0-E32977C9BB69}
	EndProjectSection
EndProject
Project("{FAE04EC0-301F-11D3-BF4B-00C04F79EFBC}") = "FileEngine.Shared", "FileEngine.Shared\FileEngine.Shared.csproj", "{EBCA4DFD-C5E5-454F-A6D0-E32977C9BB69}"
	ProjectSection(ProjectDependencies) = postProject
		{B28B7D35-DD90-410C-A3E3-586D18C1D647} = {B28B7D35-DD90-410C-A3E3-586D18C1D647}
	EndProjectSection
EndProject
Project("{FAE04EC0-301F-11D3-BF4B-00C04F79EFBC}") = "FileEngine.Engine", "FileEngine.Engine\FileEngine.Engine.csproj", "{570E12B1-7066-4E3C-8ECD-1CF501DAFF62}"
	ProjectSection(ProjectDependencies) = postProject
		{470385B9-1A49-4646-A36C-C387C22D5169} = {470385B9-1A49-4646-A36C-C387C22D5169}
		{EBCA4DFD-C5E5-454F-A6D0-E32977C9BB69} = {EBCA4DFD-C5E5-454F-A6D0-E32977C9BB69}
	EndProjectSection
EndProject
Project("{FAE04EC0-301F-11D3-BF4B-00C04F79EFBC}") = "FileEngine.UnitTest", "FileEngine.UnitTest\FileEngine.UnitTest.csproj", "{EA2D23ED-A694-476D-987F-B1F826890B79}"
	ProjectSection(ProjectDependencies) = postProject
		{470385B9-1A49-4646-A36C-C387C22D5169} = {470385B9-1A49-4646-A36C-C387C22D5169}
	EndProjectSection
EndProject
Global
	GlobalSection(SolutionConfigurationPlatforms) = preSolution
		Debug|Any CPU = Debug|Any CPU
		Release|Any CPU = Release|Any CPU
	EndGlobalSection
	GlobalSection(ProjectConfigurationPlatforms) = postSolution
		{D7B48F9E-33F2-42F4-ADCA-7D4FB18608B0}.Debug|Any CPU.ActiveCfg = Debug|Any CPU
		{D7B48F9E-33F2-42F4-ADCA-7D4FB18608B0}.Debug|Any CPU.Build.0 = Debug|Any CPU
		{D7B48F9E-33F2-42F4-ADCA-7D4FB18608B0}.Release|Any CPU.ActiveCfg = Release|Any CPU
		{D7B48F9E-33F2-42F4-ADCA-7D4FB18608B0}.Release|Any CPU.Build.0 = Release|Any CPU
		{BA528E01-5979-488C-AAE8-8B8D15D60095}.Debug|Any CPU.ActiveCfg = Debug|Any CPU
		{BA528E01-5979-488C-AAE8-8B8D15D60095}.Debug|Any CPU.Build.0 = Debug|Any CPU
		{BA528E01-5979-488C-AAE8-8B8D15D60095}.Release|Any CPU.ActiveCfg = Release|Any CPU
		{BA528E01-5979-488C-AAE8-8B8D15D60095}.Release|Any CPU.Build.0 = Release|Any CPU
		{B28B7D35-DD90-410C-A3E3-586D18C1D647}.Debug|Any CPU.ActiveCfg = Debug|Any CPU
		{B28B7D35-DD90-410C-A3E3-586D18C1D647}.Debug|Any CPU.Build.0 = Debug|Any CPU
		{B28B7D35-DD90-410C-A3E3-586D18C1D647}.Release|Any CPU.ActiveCfg = Release|Any CPU
		{B28B7D35-DD90-410C-A3E3-586D18C1D647}.Release|Any CPU.Build.0 = Release|Any CPU
		{470385B9-1A49-4646-A36C-C387C22D5169}.Debug|Any CPU.ActiveCfg = Debug|Any CPU
		{470385B9-1A49-4646-A36C-C387C22D5169}.Debug|Any CPU.Build.0 = Debug|Any CPU
		{470385B9-1A49-4646-A36C-C387C22D5169}.Release|Any CPU.ActiveCfg = Release|Any CPU
		{470385B9-1A49-4646-A36C-C387C22D5169}.Release|Any CPU.Build.0 = Release|Any CPU
		{EBCA4DFD-C5E5-454F-A6D0-E32977C9BB69}.Debug|Any CPU.ActiveCfg = Debug|Any CPU
		{EBCA4DFD-C5E5-454F-A6D0-E32977C9BB69}.Debug|Any CPU.Build.0 = Debug|Any CPU
		{EBCA4DFD-C5E5-454F-A6D0-E32977C9BB69}.Release|Any CPU.ActiveCfg = Release|Any CPU
		{EBCA4DFD-C5E5-454F-A6D0-E32977C9BB69}.Release|Any CPU.Build.0 = Release|Any CPU
		{570E12B1-7066-4E3C-8ECD-1CF501DAFF62}.Debug|Any CPU.ActiveCfg = Debug|Any CPU
		{570E12B1-7066-4E3C-8ECD-1CF501DAFF62}.Debug|Any CPU.Build.0 = Debug|Any CPU
		{570E12B1-7066-4E3C-8ECD-1CF501DAFF62}.Release|Any CPU.ActiveCfg = Release|Any CPU
		{570E12B1-7066-4E3C-8ECD-1CF501DAFF62}.Release|Any CPU.Build.0 = Release|Any CPU
		{EA2D23ED-A694-476D-987F-B1F826890B79}.Debug|Any CPU.ActiveCfg = Debug|Any CPU
		{EA2D23ED-A694-476D-987F-B1F826890B79}.Debug|Any CPU.Build.0 = Debug|Any CPU
		{EA2D23ED-A694-476D-987F-B1F826890B79}.Release|Any CPU.ActiveCfg = Release|Any CPU
		{EA2D23ED-A694-476D-987F-B1F826890B79}.Release|Any CPU.Build.0 = Release|Any CPU
	EndGlobalSection
	GlobalSection(SolutionProperties) = preSolution
		HideSolutionNode = FALSE
	EndGlobalSection
EndGlobal
